
Microsoft Visual Studio Solution File, Format Version 12.00
# Visual Studio Version 16
VisualStudioVersion = 16.0.29009.5
MinimumVisualStudioVersion = 10.0.40219.1
Project("{FAE04EC0-301F-11D3-BF4B-00C04F79EFBC}") = "Week1-Exercies", "Week1-Exercies\Week1-Exercies.csproj", "{7A5217E5-65D8-4552-8A3B-5BB5A0D9EDAB}"
EndProject
Global
	GlobalSection(SolutionConfigurationPlatforms) = preSolution
		Debug|Any CPU = Debug|Any CPU
		Release|Any CPU = Release|Any CPU
	EndGlobalSection
	GlobalSection(ProjectConfigurationPlatforms) = postSolution
		{7A5217E5-65D8-4552-8A3B-5BB5A0D9EDAB}.Debug|Any CPU.ActiveCfg = Debug|Any CPU
		{7A5217E5-65D8-4552-8A3B-5BB5A0D9EDAB}.Debug|Any CPU.Build.0 = Debug|Any CPU
		{7A5217E5-65D8-4552-8A3B-5BB5A0D9EDAB}.Release|Any CPU.ActiveCfg = Release|Any CPU
		{7A5217E5-65D8-4552-8A3B-5BB5A0D9EDAB}.Release|Any CPU.Build.0 = Release|Any CPU
	EndGlobalSection
	GlobalSection(SolutionProperties) = preSolution
		HideSolutionNode = FALSE
	EndGlobalSection
	GlobalSection(ExtensibilityGlobals) = postSolution
		SolutionGuid = {D7B37E1F-B3D6-49B5-816C-D885D4F61C63}
	EndGlobalSection
EndGlobal
